{
  "name": "connectorplancheck",
  "version": "0.1.0",
  "lockfileVersion": 3,
  "requires": true,
  "packages": {
    "": {
      "name": "connectorplancheck",
      "version": "0.1.0",
      "license": "MIT",
      "bin": {
        "connectorplancheck": "bin/connectorplancheck.js"
      },
      "engines": {
        "node": ">=22"
      }
    }
  }
}
